{
	"name": "@punchcard/constructs",
	"version": "0.8.0",
	"lockfileVersion": 1,
	"requires": true,
	"dependencies": {
		"@aws-cdk/assets": {
			"version": "1.88.0",
			"resolved": "https://registry.npmjs.org/@aws-cdk/assets/-/assets-1.88.0.tgz",
			"integrity": "sha512-Guew06oHoei0IT33wvBozCTGZm1by/ivKQbFaU6Mx0InzVnczu+mCWrC0Ds30CZ5gNJfEOStyKRFb2ExN2VOBg==",
			"dev": true,
			"requires": {
				"@aws-cdk/core": "1.88.0",
				"@aws-cdk/cx-api": "1.88.0",
				"constructs": "^3.2.0"
			}
		},
		"@aws-cdk/aws-applicationautoscaling": {
			"version": "1.88.0",
			"resolved": "https://registry.npmjs.org/@aws-cdk/aws-applicationautoscaling/-/aws-applicationautoscaling-1.88.0.tgz",
			"integrity": "sha512-RpAwKeJRTALKQBNX7gh95pTwPz8vW8DCoaFGkLlma2jVRVaYYEd9m2l4YBhSbedrrxcpeWJfgBYKeQaUWdxVzw==",
			"dev": true,
			"requires": {
				"@aws-cdk/aws-autoscaling-common": "1.88.0",
				"@aws-cdk/aws-cloudwatch": "1.88.0",
				"@aws-cdk/aws-iam": "1.88.0",
				"@aws-cdk/core": "1.88.0",
				"constructs": "^3.2.0"
			}
		},
		"@aws-cdk/aws-autoscaling-common": {
			"version": "1.88.0",
			"resolved": "https://registry.npmjs.org/@aws-cdk/aws-autoscaling-common/-/aws-autoscaling-common-1.88.0.tgz",
			"integrity": "sha512-uZKfSY3bjWCfVRZEmJnheo0DQ3dDynQ3WnTeQpd7mOjRfpT0LZTACuIR21tx+bt3Lle8r04wlbAlF6ejx+M+gg==",
			"dev": true,
			"requires": {
				"@aws-cdk/aws-iam": "1.88.0",
				"@aws-cdk/core": "1.88.0",
				"constructs": "^3.2.0"
			}
		},
		"@aws-cdk/aws-cloudwatch": {
			"version": "1.88.0",
			"resolved": "https://registry.npmjs.org/@aws-cdk/aws-cloudwatch/-/aws-cloudwatch-1.88.0.tgz",
			"integrity": "sha512-j5bpnK4WQHieJusmQT8t9RwjrJqqIdxz7kHE3iaG3xW2NkqbWyWEtkSN6sKPIjcxYdMMMmSsQr4wGth26Ifbdg==",
			"dev": true,
			"requires": {
				"@aws-cdk/aws-iam": "1.88.0",
				"@aws-cdk/core": "1.88.0",
				"constructs": "^3.2.0"
			}
		},
		"@aws-cdk/aws-codeguruprofiler": {
			"version": "1.88.0",
			"resolved": "https://registry.npmjs.org/@aws-cdk/aws-codeguruprofiler/-/aws-codeguruprofiler-1.88.0.tgz",
			"integrity": "sha512-bYtG680DHkzpkMseZAodbn6BiXQMG3cxSIkkHndWtcWw4Ra/WvfelGvWfKyCYTs3Zo9Q3Iu1KgMthbWriWop7g==",
			"dev": true,
			"requires": {
				"@aws-cdk/aws-iam": "1.88.0",
				"@aws-cdk/core": "1.88.0",
				"constructs": "^3.2.0"
			}
		},
		"@aws-cdk/aws-ec2": {
			"version": "1.88.0",
			"resolved": "https://registry.npmjs.org/@aws-cdk/aws-ec2/-/aws-ec2-1.88.0.tgz",
			"integrity": "sha512-l4YaCiNngvW4yMo6A9VlcRg8tv1jlMMo0t5kxfrSSHZqQKO5UI0oHT7nGNyl/ssZ+Fgm8OZAnYaUtlixoAp49Q==",
			"dev": true,
			"requires": {
				"@aws-cdk/aws-cloudwatch": "1.88.0",
				"@aws-cdk/aws-iam": "1.88.0",
				"@aws-cdk/aws-kms": "1.88.0",
				"@aws-cdk/aws-logs": "1.88.0",
				"@aws-cdk/aws-s3": "1.88.0",
				"@aws-cdk/aws-s3-assets": "1.88.0",
				"@aws-cdk/aws-ssm": "1.88.0",
				"@aws-cdk/cloud-assembly-schema": "1.88.0",
				"@aws-cdk/core": "1.88.0",
				"@aws-cdk/cx-api": "1.88.0",
				"@aws-cdk/region-info": "1.88.0",
				"constructs": "^3.2.0"
			}
		},
		"@aws-cdk/aws-ecr": {
			"version": "1.88.0",
			"resolved": "https://registry.npmjs.org/@aws-cdk/aws-ecr/-/aws-ecr-1.88.0.tgz",
			"integrity": "sha512-5q56RXz2CvqTB+NQiCwLDi+ELm0+hAs/F6D6wHlWHsRoFoNjHJPkgoWVBf2q8HxhI8RFNbbpx8nvnPZGA+bAcg==",
			"dev": true,
			"requires": {
				"@aws-cdk/aws-events": "1.88.0",
				"@aws-cdk/aws-iam": "1.88.0",
				"@aws-cdk/core": "1.88.0",
				"constructs": "^3.2.0"
			}
		},
		"@aws-cdk/aws-ecr-assets": {
			"version": "1.88.0",
			"resolved": "https://registry.npmjs.org/@aws-cdk/aws-ecr-assets/-/aws-ecr-assets-1.88.0.tgz",
			"integrity": "sha512-meJaEhTJMNfJpbgYWyaGC6zReJHvgCQn8GXrgLRm2ttbaTkuwT9nvbDaOofJgxeqZjZ/5Ny6GNx/EZwajcR/ow==",
			"dev": true,
			"requires": {
				"@aws-cdk/assets": "1.88.0",
				"@aws-cdk/aws-ecr": "1.88.0",
				"@aws-cdk/aws-iam": "1.88.0",
				"@aws-cdk/aws-s3": "1.88.0",
				"@aws-cdk/core": "1.88.0",
				"@aws-cdk/cx-api": "1.88.0",
				"constructs": "^3.2.0",
				"minimatch": "^3.0.4"
			},
			"dependencies": {
				"balanced-match": {
					"version": "1.0.0",
					"bundled": true,
					"dev": true
				},
				"brace-expansion": {
					"version": "1.1.11",
					"bundled": true,
					"dev": true,
					"requires": {
						"balanced-match": "^1.0.0",
						"concat-map": "0.0.1"
					}
				},
				"concat-map": {
					"version": "0.0.1",
					"bundled": true,
					"dev": true
				},
				"minimatch": {
					"version": "3.0.4",
					"bundled": true,
					"dev": true,
					"requires": {
						"brace-expansion": "^1.1.7"
					}
				}
			}
		},
		"@aws-cdk/aws-efs": {
			"version": "1.88.0",
			"resolved": "https://registry.npmjs.org/@aws-cdk/aws-efs/-/aws-efs-1.88.0.tgz",
			"integrity": "sha512-pstdFj1PrDxnP2Tn+E0PZ1wyTTxi1Uh7LHJeYBHcmE5iW/apc+hFU4HvF9A3UzoCHSQr42VztBB9yTpK/lBEQw==",
			"dev": true,
			"requires": {
				"@aws-cdk/aws-ec2": "1.88.0",
				"@aws-cdk/aws-kms": "1.88.0",
				"@aws-cdk/cloud-assembly-schema": "1.88.0",
				"@aws-cdk/core": "1.88.0",
				"@aws-cdk/cx-api": "1.88.0",
				"constructs": "^3.2.0"
			}
		},
		"@aws-cdk/aws-events": {
			"version": "1.88.0",
			"resolved": "https://registry.npmjs.org/@aws-cdk/aws-events/-/aws-events-1.88.0.tgz",
			"integrity": "sha512-/zkEkvyCdvyBmv31465tyNlqJqqb1GstOsnluOMAvrhEJiEwtRwaKthNxgRvCfRiv/h7htC5VTiJiy1gX+/rfw==",
			"dev": true,
			"requires": {
				"@aws-cdk/aws-iam": "1.88.0",
				"@aws-cdk/core": "1.88.0",
				"constructs": "^3.2.0"
			}
		},
		"@aws-cdk/aws-iam": {
			"version": "1.88.0",
			"resolved": "https://registry.npmjs.org/@aws-cdk/aws-iam/-/aws-iam-1.88.0.tgz",
			"integrity": "sha512-a4Y8rvtJgB4SDWub2ZniUipfyiiqMUgCf7Eb4Otl8k3HIvz7ku7OEZyJswCGnSPvMspmk5oX7mVixrUs8E9qJQ==",
			"dev": true,
			"requires": {
				"@aws-cdk/core": "1.88.0",
				"@aws-cdk/region-info": "1.88.0",
				"constructs": "^3.2.0"
			}
		},
		"@aws-cdk/aws-kinesis": {
			"version": "1.88.0",
			"resolved": "https://registry.npmjs.org/@aws-cdk/aws-kinesis/-/aws-kinesis-1.88.0.tgz",
			"integrity": "sha512-pkje8djxEObf4yZwO8O/IMridJ4wkiReSBXwISrAFOGbfFoU2+41uR8fbrlXknO/YLjCzqTpDVHYV5uwtIw/Rw==",
			"dev": true,
			"requires": {
				"@aws-cdk/aws-iam": "1.88.0",
				"@aws-cdk/aws-kms": "1.88.0",
				"@aws-cdk/aws-logs": "1.88.0",
				"@aws-cdk/core": "1.88.0",
				"constructs": "^3.2.0"
			}
		},
		"@aws-cdk/aws-kinesisfirehose": {
			"version": "1.88.0",
			"resolved": "https://registry.npmjs.org/@aws-cdk/aws-kinesisfirehose/-/aws-kinesisfirehose-1.88.0.tgz",
			"integrity": "sha512-lratS3Q1Ac7I55nah6l9F2wynq6ChCleZWFaPNQdaRv2A9NsjDTsLhg/lynTdf7yQhwnCNfJW4RDh8hO06l/IQ==",
			"dev": true,
			"requires": {
				"@aws-cdk/core": "1.88.0",
				"constructs": "^3.2.0"
			}
		},
		"@aws-cdk/aws-kms": {
			"version": "1.88.0",
			"resolved": "https://registry.npmjs.org/@aws-cdk/aws-kms/-/aws-kms-1.88.0.tgz",
			"integrity": "sha512-c5xmchJDMcTVzmYyTPzDX3zYMI9SybB53mVfwIcZSAqGw3WVb9rbOPMo/jxkDaAoDRX1U0I2Qga6gPqWmDSkEw==",
			"dev": true,
			"requires": {
				"@aws-cdk/aws-iam": "1.88.0",
				"@aws-cdk/core": "1.88.0",
				"@aws-cdk/cx-api": "1.88.0",
				"constructs": "^3.2.0"
			}
		},
		"@aws-cdk/aws-lambda": {
			"version": "1.88.0",
			"resolved": "https://registry.npmjs.org/@aws-cdk/aws-lambda/-/aws-lambda-1.88.0.tgz",
			"integrity": "sha512-1ESJV5IO4na92uhNw1b5vqpIyZJf91ceKmKFCHmmI/lYNdjVzgnjog0/+zI7AHaj3yObEEImPyuuGWmed2/+kQ==",
			"dev": true,
			"requires": {
				"@aws-cdk/aws-applicationautoscaling": "1.88.0",
				"@aws-cdk/aws-cloudwatch": "1.88.0",
				"@aws-cdk/aws-codeguruprofiler": "1.88.0",
				"@aws-cdk/aws-ec2": "1.88.0",
				"@aws-cdk/aws-ecr": "1.88.0",
				"@aws-cdk/aws-ecr-assets": "1.88.0",
				"@aws-cdk/aws-efs": "1.88.0",
				"@aws-cdk/aws-events": "1.88.0",
				"@aws-cdk/aws-iam": "1.88.0",
				"@aws-cdk/aws-kms": "1.88.0",
				"@aws-cdk/aws-logs": "1.88.0",
				"@aws-cdk/aws-s3": "1.88.0",
				"@aws-cdk/aws-s3-assets": "1.88.0",
				"@aws-cdk/aws-sqs": "1.88.0",
				"@aws-cdk/core": "1.88.0",
				"@aws-cdk/cx-api": "1.88.0",
				"constructs": "^3.2.0"
			}
		},
		"@aws-cdk/aws-logs": {
			"version": "1.88.0",
			"resolved": "https://registry.npmjs.org/@aws-cdk/aws-logs/-/aws-logs-1.88.0.tgz",
			"integrity": "sha512-EIxSvai7m0DEWrymf0onJxTwPkkkWBEzm09entaqHedyim//Op6s+S3tcHrzvrBqfpPIoWg/jJzGcDWmNkBthw==",
			"dev": true,
			"requires": {
				"@aws-cdk/aws-cloudwatch": "1.88.0",
				"@aws-cdk/aws-iam": "1.88.0",
				"@aws-cdk/aws-kms": "1.88.0",
				"@aws-cdk/aws-s3-assets": "1.88.0",
				"@aws-cdk/core": "1.88.0",
				"constructs": "^3.2.0"
			}
		},
		"@aws-cdk/aws-logs-destinations": {
			"version": "1.88.0",
			"resolved": "https://registry.npmjs.org/@aws-cdk/aws-logs-destinations/-/aws-logs-destinations-1.88.0.tgz",
			"integrity": "sha512-gy3g0NBYM6ua2rS3i8nbdEkpshyUvbHpEloLj41Epc1xObhZgStNUGPoA3g99ZggGn8QWkc3olYQhY5Rzb/CZQ==",
			"dev": true,
			"requires": {
				"@aws-cdk/aws-iam": "1.88.0",
				"@aws-cdk/aws-kinesis": "1.88.0",
				"@aws-cdk/aws-lambda": "1.88.0",
				"@aws-cdk/aws-logs": "1.88.0",
				"@aws-cdk/core": "1.88.0",
				"constructs": "^3.2.0"
			}
		},
		"@aws-cdk/aws-s3": {
			"version": "1.88.0",
			"resolved": "https://registry.npmjs.org/@aws-cdk/aws-s3/-/aws-s3-1.88.0.tgz",
			"integrity": "sha512-jkh5al3DV8yOHhANWqSUJlmT+UZ4Gu04M8wFaUqSFZBHsEFSOMBt5Ps0NdSOJbpIco/kVkPyKXaBw4gENJP1YA==",
			"dev": true,
			"requires": {
				"@aws-cdk/aws-events": "1.88.0",
				"@aws-cdk/aws-iam": "1.88.0",
				"@aws-cdk/aws-kms": "1.88.0",
				"@aws-cdk/core": "1.88.0",
				"@aws-cdk/cx-api": "1.88.0",
				"constructs": "^3.2.0"
			}
		},
		"@aws-cdk/aws-s3-assets": {
			"version": "1.88.0",
			"resolved": "https://registry.npmjs.org/@aws-cdk/aws-s3-assets/-/aws-s3-assets-1.88.0.tgz",
			"integrity": "sha512-b0p7ZvL6jp8oc1qjZvcq9CAgpQs5KGd5zZLwW61kw6ayZ7V8UVU4RT6cEhFQnCfOuAO8/NS3gnUdASrkFrhfhg==",
			"dev": true,
			"requires": {
				"@aws-cdk/assets": "1.88.0",
				"@aws-cdk/aws-iam": "1.88.0",
				"@aws-cdk/aws-kms": "1.88.0",
				"@aws-cdk/aws-s3": "1.88.0",
				"@aws-cdk/core": "1.88.0",
				"@aws-cdk/cx-api": "1.88.0",
				"constructs": "^3.2.0"
			}
		},
		"@aws-cdk/aws-sqs": {
			"version": "1.88.0",
			"resolved": "https://registry.npmjs.org/@aws-cdk/aws-sqs/-/aws-sqs-1.88.0.tgz",
			"integrity": "sha512-3deOulEBA+zR5CHqT/Ksa2i2uGiBdE8JUdwgIxX1IBtIi0u26ud10qxedoKRWh0jbBTrjk/h7otKyK8lbiYOBQ==",
			"dev": true,
			"requires": {
				"@aws-cdk/aws-cloudwatch": "1.88.0",
				"@aws-cdk/aws-iam": "1.88.0",
				"@aws-cdk/aws-kms": "1.88.0",
				"@aws-cdk/core": "1.88.0",
				"constructs": "^3.2.0"
			}
		},
		"@aws-cdk/aws-ssm": {
			"version": "1.88.0",
			"resolved": "https://registry.npmjs.org/@aws-cdk/aws-ssm/-/aws-ssm-1.88.0.tgz",
			"integrity": "sha512-aNXyL/ycnaktM61Tbsbhp/EnrEx0n6vmGckmTOxlzguzKtjBksswv30e51o40Un/6AakloRuHVhxTOPUhTmqEg==",
			"dev": true,
			"requires": {
				"@aws-cdk/aws-iam": "1.88.0",
				"@aws-cdk/aws-kms": "1.88.0",
				"@aws-cdk/cloud-assembly-schema": "1.88.0",
				"@aws-cdk/core": "1.88.0",
				"constructs": "^3.2.0"
			}
		},
		"@aws-cdk/cloud-assembly-schema": {
			"version": "1.88.0",
			"resolved": "https://registry.npmjs.org/@aws-cdk/cloud-assembly-schema/-/cloud-assembly-schema-1.88.0.tgz",
			"integrity": "sha512-4o44jTWHixxWIXx360tsghWh/AUBpfR50D+jZ21x1F5yuksDmF9XpGtWmbT710BcV3S9SnRDFz6gyCuxs5SCCg==",
			"dev": true,
			"requires": {
				"jsonschema": "^1.4.0",
				"semver": "^7.3.2"
			},
			"dependencies": {
				"jsonschema": {
					"version": "1.4.0",
					"bundled": true,
					"dev": true
				},
				"semver": {
					"version": "7.3.2",
					"bundled": true,
					"dev": true
				}
			}
		},
		"@aws-cdk/core": {
			"version": "1.88.0",
			"resolved": "https://registry.npmjs.org/@aws-cdk/core/-/core-1.88.0.tgz",
			"integrity": "sha512-CUYfHNNqesuV94bsd2YDM9m68oistanDcr8rnPT4SPuLAL2JlTwQLlHCBblYvzZkTPKSEt9+0x5XZM8uBy/T3g==",
			"dev": true,
			"requires": {
				"@aws-cdk/cloud-assembly-schema": "1.88.0",
				"@aws-cdk/cx-api": "1.88.0",
				"@aws-cdk/region-info": "1.88.0",
				"@balena/dockerignore": "^1.0.2",
				"constructs": "^3.2.0",
				"fs-extra": "^9.1.0",
				"ignore": "^5.1.8",
				"minimatch": "^3.0.4"
			},
			"dependencies": {
				"@balena/dockerignore": {
					"version": "1.0.2",
					"bundled": true,
					"dev": true
				},
				"at-least-node": {
					"version": "1.0.0",
					"bundled": true,
					"dev": true
				},
				"balanced-match": {
					"version": "1.0.0",
					"bundled": true,
					"dev": true
				},
				"brace-expansion": {
					"version": "1.1.11",
					"bundled": true,
					"dev": true,
					"requires": {
						"balanced-match": "^1.0.0",
						"concat-map": "0.0.1"
					}
				},
				"concat-map": {
					"version": "0.0.1",
					"bundled": true,
					"dev": true
				},
				"fs-extra": {
					"version": "9.1.0",
					"bundled": true,
					"dev": true,
					"requires": {
						"at-least-node": "^1.0.0",
						"graceful-fs": "^4.2.0",
						"jsonfile": "^6.0.1",
						"universalify": "^2.0.0"
					}
				},
				"graceful-fs": {
					"version": "4.2.4",
					"bundled": true,
					"dev": true
				},
				"ignore": {
					"version": "5.1.8",
					"bundled": true,
					"dev": true
				},
				"jsonfile": {
					"version": "6.1.0",
					"bundled": true,
					"dev": true,
					"requires": {
						"graceful-fs": "^4.1.6",
						"universalify": "^2.0.0"
					}
				},
				"minimatch": {
					"version": "3.0.4",
					"bundled": true,
					"dev": true,
					"requires": {
						"brace-expansion": "^1.1.7"
					}
				},
				"universalify": {
					"version": "2.0.0",
					"bundled": true,
					"dev": true
				}
			}
		},
		"@aws-cdk/cx-api": {
			"version": "1.88.0",
			"resolved": "https://registry.npmjs.org/@aws-cdk/cx-api/-/cx-api-1.88.0.tgz",
			"integrity": "sha512-89sTxVU/M8Fld/U555HaRPuf57Xi866ukTj7JQf6zuTIh5S9bd+fiJ8YCO85bpXVChlNNYTO/03t5uGZjFw3Ew==",
			"dev": true,
			"requires": {
				"@aws-cdk/cloud-assembly-schema": "1.88.0",
				"semver": "^7.3.2"
			},
			"dependencies": {
				"semver": {
					"version": "7.3.2",
					"bundled": true,
					"dev": true
				}
			}
		},
		"@aws-cdk/region-info": {
			"version": "1.88.0",
			"resolved": "https://registry.npmjs.org/@aws-cdk/region-info/-/region-info-1.88.0.tgz",
			"integrity": "sha512-7W8TaWaMds6maQsQfZVV1QDVPvyx5/ZILKwQOgiEcjpC8zDVkd92EiAFMa3NDH8ANN/+SJq/eC+fPfludY2VvQ==",
			"dev": true
		},
		"@punchcard/erasure": {
			"version": "0.2.0",
			"resolved": "https://registry.npmjs.org/@punchcard/erasure/-/erasure-0.2.0.tgz",
			"integrity": "sha512-ML1Sgz3+DFcInc/my+zzl7nFDcJ68+//7alAxBqi2STPmuL31kVmyULsoSb4tjOzAF8vfJ6ko3vJIvJYpDcdDg==",
			"dev": true
		},
		"constructs": {
			"version": "3.3.12",
			"resolved": "https://registry.npmjs.org/constructs/-/constructs-3.3.12.tgz",
			"integrity": "sha512-K2Q1qYDYYGCCFBbWLNU5ja/mrHh2tB4SpSXU/XBfNxVl20OZTXUwzlFaCfSlBL12+dNbXC6f4eTpHZ2t5o7gDg==",
			"dev": true
		}
	}
}
