{
	"name": "@punchcard/data-lake",
	"version": "0.17.0",
	"lockfileVersion": 1,
	"requires": true,
	"dependencies": {
		"@aws-cdk/assert": {
			"version": "1.88.0",
			"resolved": "https://registry.npmjs.org/@aws-cdk/assert/-/assert-1.88.0.tgz",
			"integrity": "sha512-P4bHrQu6ewSewojpu4Vw1RzmAMjeFrIWZj1KnAglWU4CqoEN3OOMvzn0iS3aff15PtBOLa2YrW/OT3IKD82/vA==",
			"dev": true,
			"requires": {
				"@aws-cdk/cloud-assembly-schema": "1.88.0",
				"@aws-cdk/cloudformation-diff": "1.88.0",
				"@aws-cdk/core": "1.88.0",
				"@aws-cdk/cx-api": "1.88.0",
				"constructs": "^3.2.0"
			}
		},
		"@aws-cdk/assets": {
			"version": "1.88.0",
			"resolved": "https://registry.npmjs.org/@aws-cdk/assets/-/assets-1.88.0.tgz",
			"integrity": "sha512-Guew06oHoei0IT33wvBozCTGZm1by/ivKQbFaU6Mx0InzVnczu+mCWrC0Ds30CZ5gNJfEOStyKRFb2ExN2VOBg==",
			"dev": true,
			"requires": {
				"@aws-cdk/core": "1.88.0",
				"@aws-cdk/cx-api": "1.88.0",
				"constructs": "^3.2.0"
			}
		},
		"@aws-cdk/aws-apigateway": {
			"version": "1.88.0",
			"resolved": "https://registry.npmjs.org/@aws-cdk/aws-apigateway/-/aws-apigateway-1.88.0.tgz",
			"integrity": "sha512-HwZdpHukKt4pZp+DF7wAsAXBpZA+81B449Jd4C0D5Ixl9zsdnFAvAje9sB/xZzPeEGnlTV1mAJBCuyiZSr5JEg==",
			"dev": true,
			"requires": {
				"@aws-cdk/aws-certificatemanager": "1.88.0",
				"@aws-cdk/aws-cloudwatch": "1.88.0",
				"@aws-cdk/aws-cognito": "1.88.0",
				"@aws-cdk/aws-ec2": "1.88.0",
				"@aws-cdk/aws-elasticloadbalancingv2": "1.88.0",
				"@aws-cdk/aws-iam": "1.88.0",
				"@aws-cdk/aws-lambda": "1.88.0",
				"@aws-cdk/aws-logs": "1.88.0",
				"@aws-cdk/aws-s3": "1.88.0",
				"@aws-cdk/aws-s3-assets": "1.88.0",
				"@aws-cdk/core": "1.88.0",
				"@aws-cdk/cx-api": "1.88.0",
				"constructs": "^3.2.0"
			}
		},
		"@aws-cdk/aws-apigatewayv2": {
			"version": "1.88.0",
			"resolved": "https://registry.npmjs.org/@aws-cdk/aws-apigatewayv2/-/aws-apigatewayv2-1.88.0.tgz",
			"integrity": "sha512-Y4NGnQ7c4CT9R8Pi/HtDr8brRmesaLSguQtDPKxkOl7kTbAKFfcK6rH6HppI6/FzBe/h2fgy7XtZy76Wde/KhA==",
			"dev": true,
			"requires": {
				"@aws-cdk/aws-certificatemanager": "1.88.0",
				"@aws-cdk/aws-cloudwatch": "1.88.0",
				"@aws-cdk/aws-ec2": "1.88.0",
				"@aws-cdk/aws-iam": "1.88.0",
				"@aws-cdk/core": "1.88.0",
				"constructs": "^3.2.0"
			}
		},
		"@aws-cdk/aws-applicationautoscaling": {
			"version": "1.88.0",
			"resolved": "https://registry.npmjs.org/@aws-cdk/aws-applicationautoscaling/-/aws-applicationautoscaling-1.88.0.tgz",
			"integrity": "sha512-RpAwKeJRTALKQBNX7gh95pTwPz8vW8DCoaFGkLlma2jVRVaYYEd9m2l4YBhSbedrrxcpeWJfgBYKeQaUWdxVzw==",
			"dev": true,
			"requires": {
				"@aws-cdk/aws-autoscaling-common": "1.88.0",
				"@aws-cdk/aws-cloudwatch": "1.88.0",
				"@aws-cdk/aws-iam": "1.88.0",
				"@aws-cdk/core": "1.88.0",
				"constructs": "^3.2.0"
			}
		},
		"@aws-cdk/aws-appsync": {
			"version": "1.88.0",
			"resolved": "https://registry.npmjs.org/@aws-cdk/aws-appsync/-/aws-appsync-1.88.0.tgz",
			"integrity": "sha512-gw5J+lBq8fG1n4fdO3tMvuKM6PqV5yrNljRLK92YnHYRvHrkCxK0Ig2zk0BPkhd+SQi16eB7V/B9HLrqZ5LYjQ==",
			"dev": true,
			"requires": {
				"@aws-cdk/aws-cognito": "1.88.0",
				"@aws-cdk/aws-dynamodb": "1.88.0",
				"@aws-cdk/aws-ec2": "1.88.0",
				"@aws-cdk/aws-iam": "1.88.0",
				"@aws-cdk/aws-lambda": "1.88.0",
				"@aws-cdk/aws-rds": "1.88.0",
				"@aws-cdk/aws-s3-assets": "1.88.0",
				"@aws-cdk/aws-secretsmanager": "1.88.0",
				"@aws-cdk/core": "1.88.0",
				"constructs": "^3.2.0"
			}
		},
		"@aws-cdk/aws-autoscaling": {
			"version": "1.88.0",
			"resolved": "https://registry.npmjs.org/@aws-cdk/aws-autoscaling/-/aws-autoscaling-1.88.0.tgz",
			"integrity": "sha512-Et+xojB9+6VXDIRO5MSEzkL9tSqhxFz1Y8x3zp6HP7Fo2TNYjJeMLF4DcW6gvaaHz0lDovTfYJzGKSAUIsz7WQ==",
			"dev": true,
			"requires": {
				"@aws-cdk/aws-autoscaling-common": "1.88.0",
				"@aws-cdk/aws-cloudwatch": "1.88.0",
				"@aws-cdk/aws-ec2": "1.88.0",
				"@aws-cdk/aws-elasticloadbalancing": "1.88.0",
				"@aws-cdk/aws-elasticloadbalancingv2": "1.88.0",
				"@aws-cdk/aws-iam": "1.88.0",
				"@aws-cdk/aws-sns": "1.88.0",
				"@aws-cdk/core": "1.88.0",
				"constructs": "^3.2.0"
			}
		},
		"@aws-cdk/aws-autoscaling-common": {
			"version": "1.88.0",
			"resolved": "https://registry.npmjs.org/@aws-cdk/aws-autoscaling-common/-/aws-autoscaling-common-1.88.0.tgz",
			"integrity": "sha512-uZKfSY3bjWCfVRZEmJnheo0DQ3dDynQ3WnTeQpd7mOjRfpT0LZTACuIR21tx+bt3Lle8r04wlbAlF6ejx+M+gg==",
			"dev": true,
			"requires": {
				"@aws-cdk/aws-iam": "1.88.0",
				"@aws-cdk/core": "1.88.0",
				"constructs": "^3.2.0"
			}
		},
		"@aws-cdk/aws-autoscaling-hooktargets": {
			"version": "1.88.0",
			"resolved": "https://registry.npmjs.org/@aws-cdk/aws-autoscaling-hooktargets/-/aws-autoscaling-hooktargets-1.88.0.tgz",
			"integrity": "sha512-Vd4BnL42L7dS8DDPSUN7IklpYYUb5FAtO/2FENyklogkZVM1HgLPnHMexB97X3wGl2yU87ZlcCRtUOfRtctd/Q==",
			"dev": true,
			"requires": {
				"@aws-cdk/aws-autoscaling": "1.88.0",
				"@aws-cdk/aws-iam": "1.88.0",
				"@aws-cdk/aws-kms": "1.88.0",
				"@aws-cdk/aws-lambda": "1.88.0",
				"@aws-cdk/aws-sns": "1.88.0",
				"@aws-cdk/aws-sns-subscriptions": "1.88.0",
				"@aws-cdk/aws-sqs": "1.88.0",
				"@aws-cdk/core": "1.88.0",
				"constructs": "^3.2.0"
			}
		},
		"@aws-cdk/aws-batch": {
			"version": "1.88.0",
			"resolved": "https://registry.npmjs.org/@aws-cdk/aws-batch/-/aws-batch-1.88.0.tgz",
			"integrity": "sha512-fHn1mfDNd9NA9gRqaYivzWVMzPLsn43Li1AFDDCqTp+kAmQKGD709b6T8C5QAVlv8OAscn4P4EsicWgAQIyg/g==",
			"dev": true,
			"requires": {
				"@aws-cdk/aws-ec2": "1.88.0",
				"@aws-cdk/aws-ecr": "1.88.0",
				"@aws-cdk/aws-ecs": "1.88.0",
				"@aws-cdk/aws-iam": "1.88.0",
				"@aws-cdk/aws-secretsmanager": "1.88.0",
				"@aws-cdk/aws-ssm": "1.88.0",
				"@aws-cdk/core": "1.88.0",
				"constructs": "^3.2.0"
			}
		},
		"@aws-cdk/aws-certificatemanager": {
			"version": "1.88.0",
			"resolved": "https://registry.npmjs.org/@aws-cdk/aws-certificatemanager/-/aws-certificatemanager-1.88.0.tgz",
			"integrity": "sha512-YOZRY1cxBMI9TG7ptdYcK5KGUrNEBOfWvHXq5gDu2LCysOLly67vdv0EPcjlEBb+G7hn+vxtmonH1W8wBRoZcA==",
			"dev": true,
			"requires": {
				"@aws-cdk/aws-iam": "1.88.0",
				"@aws-cdk/aws-lambda": "1.88.0",
				"@aws-cdk/aws-route53": "1.88.0",
				"@aws-cdk/core": "1.88.0",
				"constructs": "^3.2.0"
			}
		},
		"@aws-cdk/aws-cloudformation": {
			"version": "1.88.0",
			"resolved": "https://registry.npmjs.org/@aws-cdk/aws-cloudformation/-/aws-cloudformation-1.88.0.tgz",
			"integrity": "sha512-mlc4UCAXby9b30BqDyhDoz49rPUvnCU7x8LsxqmAAe8IKZdo6dASbcczya/svJv5y9+PBWgMoDDQr11uk6D7Jg==",
			"dev": true,
			"requires": {
				"@aws-cdk/aws-iam": "1.88.0",
				"@aws-cdk/aws-lambda": "1.88.0",
				"@aws-cdk/aws-s3": "1.88.0",
				"@aws-cdk/aws-sns": "1.88.0",
				"@aws-cdk/core": "1.88.0",
				"@aws-cdk/cx-api": "1.88.0",
				"constructs": "^3.2.0"
			}
		},
		"@aws-cdk/aws-cloudfront": {
			"version": "1.88.0",
			"resolved": "https://registry.npmjs.org/@aws-cdk/aws-cloudfront/-/aws-cloudfront-1.88.0.tgz",
			"integrity": "sha512-klgvbwVqSUEtTSxMR4wdeKUIlPUUmTFKJ5UYt3BtAL82XnDkAShwah4zutRCe6EPxF2DnVgA3bq20lfdyPvcng==",
			"dev": true,
			"requires": {
				"@aws-cdk/aws-certificatemanager": "1.88.0",
				"@aws-cdk/aws-cloudwatch": "1.88.0",
				"@aws-cdk/aws-ec2": "1.88.0",
				"@aws-cdk/aws-iam": "1.88.0",
				"@aws-cdk/aws-kms": "1.88.0",
				"@aws-cdk/aws-lambda": "1.88.0",
				"@aws-cdk/aws-s3": "1.88.0",
				"@aws-cdk/aws-ssm": "1.88.0",
				"@aws-cdk/core": "1.88.0",
				"constructs": "^3.2.0"
			}
		},
		"@aws-cdk/aws-cloudwatch": {
			"version": "1.88.0",
			"resolved": "https://registry.npmjs.org/@aws-cdk/aws-cloudwatch/-/aws-cloudwatch-1.88.0.tgz",
			"integrity": "sha512-j5bpnK4WQHieJusmQT8t9RwjrJqqIdxz7kHE3iaG3xW2NkqbWyWEtkSN6sKPIjcxYdMMMmSsQr4wGth26Ifbdg==",
			"dev": true,
			"requires": {
				"@aws-cdk/aws-iam": "1.88.0",
				"@aws-cdk/core": "1.88.0",
				"constructs": "^3.2.0"
			}
		},
		"@aws-cdk/aws-codebuild": {
			"version": "1.88.0",
			"resolved": "https://registry.npmjs.org/@aws-cdk/aws-codebuild/-/aws-codebuild-1.88.0.tgz",
			"integrity": "sha512-ytIrvW6GI/j0x+MEiIJ1MPNjm42+JCmcnfALvEdftLOcsGmbSFDcDB5X/fFephpw46QmIXJXym06Bay8T6KOdw==",
			"dev": true,
			"requires": {
				"@aws-cdk/aws-cloudwatch": "1.88.0",
				"@aws-cdk/aws-codecommit": "1.88.0",
				"@aws-cdk/aws-ec2": "1.88.0",
				"@aws-cdk/aws-ecr": "1.88.0",
				"@aws-cdk/aws-ecr-assets": "1.88.0",
				"@aws-cdk/aws-events": "1.88.0",
				"@aws-cdk/aws-iam": "1.88.0",
				"@aws-cdk/aws-kms": "1.88.0",
				"@aws-cdk/aws-logs": "1.88.0",
				"@aws-cdk/aws-s3": "1.88.0",
				"@aws-cdk/aws-s3-assets": "1.88.0",
				"@aws-cdk/aws-secretsmanager": "1.88.0",
				"@aws-cdk/core": "1.88.0",
				"@aws-cdk/region-info": "1.88.0",
				"constructs": "^3.2.0"
			}
		},
		"@aws-cdk/aws-codecommit": {
			"version": "1.88.0",
			"resolved": "https://registry.npmjs.org/@aws-cdk/aws-codecommit/-/aws-codecommit-1.88.0.tgz",
			"integrity": "sha512-1rc1TujpW6LZag09JhPZp+MMRZfjy4FdM0JPn38FGY91GEifJws5R38pE4H972hY2S2fecjES6duLwWNKiaP9A==",
			"dev": true,
			"requires": {
				"@aws-cdk/aws-events": "1.88.0",
				"@aws-cdk/aws-iam": "1.88.0",
				"@aws-cdk/core": "1.88.0",
				"constructs": "^3.2.0"
			}
		},
		"@aws-cdk/aws-codeguruprofiler": {
			"version": "1.88.0",
			"resolved": "https://registry.npmjs.org/@aws-cdk/aws-codeguruprofiler/-/aws-codeguruprofiler-1.88.0.tgz",
			"integrity": "sha512-bYtG680DHkzpkMseZAodbn6BiXQMG3cxSIkkHndWtcWw4Ra/WvfelGvWfKyCYTs3Zo9Q3Iu1KgMthbWriWop7g==",
			"dev": true,
			"requires": {
				"@aws-cdk/aws-iam": "1.88.0",
				"@aws-cdk/core": "1.88.0",
				"constructs": "^3.2.0"
			}
		},
		"@aws-cdk/aws-codepipeline": {
			"version": "1.88.0",
			"resolved": "https://registry.npmjs.org/@aws-cdk/aws-codepipeline/-/aws-codepipeline-1.88.0.tgz",
			"integrity": "sha512-U7L98SgCPcGgwCRjiuRq/hQMtzs/ILHGqv3dP4Z9Qjda0vZ3i6clp/XMvlsIMGWarjxFpy3El+RfvLo4A0C9Tw==",
			"dev": true,
			"requires": {
				"@aws-cdk/aws-events": "1.88.0",
				"@aws-cdk/aws-iam": "1.88.0",
				"@aws-cdk/aws-kms": "1.88.0",
				"@aws-cdk/aws-s3": "1.88.0",
				"@aws-cdk/core": "1.88.0",
				"constructs": "^3.2.0"
			}
		},
		"@aws-cdk/aws-cognito": {
			"version": "1.88.0",
			"resolved": "https://registry.npmjs.org/@aws-cdk/aws-cognito/-/aws-cognito-1.88.0.tgz",
			"integrity": "sha512-XoqCcUhnki4JFXx3zFisXGlseTKZ0AlQXD207l8zbhVlAzUix3gLLKHK9Km5YsWB+us49Q0Q92uaSZMpdEjRuA==",
			"dev": true,
			"requires": {
				"@aws-cdk/aws-certificatemanager": "1.88.0",
				"@aws-cdk/aws-iam": "1.88.0",
				"@aws-cdk/aws-lambda": "1.88.0",
				"@aws-cdk/core": "1.88.0",
				"@aws-cdk/custom-resources": "1.88.0",
				"constructs": "^3.2.0",
				"punycode": "^2.1.1"
			},
			"dependencies": {
				"punycode": {
					"version": "2.1.1",
					"bundled": true,
					"dev": true
				}
			}
		},
		"@aws-cdk/aws-databrew": {
			"version": "1.88.0",
			"resolved": "https://registry.npmjs.org/@aws-cdk/aws-databrew/-/aws-databrew-1.88.0.tgz",
			"integrity": "sha512-bhJPa1hqoaCHAgBPfuCydiTPEsnvxfkzAWzDwBfuyQplXXP4HbGlZDz4AizSNsv/5ZtbpkTAJRJW07I4xAch1A==",
			"dev": true,
			"requires": {
				"@aws-cdk/core": "1.88.0"
			}
		},
		"@aws-cdk/aws-dynamodb": {
			"version": "1.88.0",
			"resolved": "https://registry.npmjs.org/@aws-cdk/aws-dynamodb/-/aws-dynamodb-1.88.0.tgz",
			"integrity": "sha512-m5TwJ7Rp3OxBCoAqy43ItyyEf/xZYlHKDTmzLU/y5fg3zp+m5jRMfJ84nUWCxhMh3URFwLnq9pL+CaBxQKngMA==",
			"dev": true,
			"requires": {
				"@aws-cdk/aws-applicationautoscaling": "1.88.0",
				"@aws-cdk/aws-cloudwatch": "1.88.0",
				"@aws-cdk/aws-iam": "1.88.0",
				"@aws-cdk/aws-kms": "1.88.0",
				"@aws-cdk/aws-lambda": "1.88.0",
				"@aws-cdk/core": "1.88.0",
				"@aws-cdk/custom-resources": "1.88.0",
				"constructs": "^3.2.0"
			}
		},
		"@aws-cdk/aws-ec2": {
			"version": "1.88.0",
			"resolved": "https://registry.npmjs.org/@aws-cdk/aws-ec2/-/aws-ec2-1.88.0.tgz",
			"integrity": "sha512-l4YaCiNngvW4yMo6A9VlcRg8tv1jlMMo0t5kxfrSSHZqQKO5UI0oHT7nGNyl/ssZ+Fgm8OZAnYaUtlixoAp49Q==",
			"dev": true,
			"requires": {
				"@aws-cdk/aws-cloudwatch": "1.88.0",
				"@aws-cdk/aws-iam": "1.88.0",
				"@aws-cdk/aws-kms": "1.88.0",
				"@aws-cdk/aws-logs": "1.88.0",
				"@aws-cdk/aws-s3": "1.88.0",
				"@aws-cdk/aws-s3-assets": "1.88.0",
				"@aws-cdk/aws-ssm": "1.88.0",
				"@aws-cdk/cloud-assembly-schema": "1.88.0",
				"@aws-cdk/core": "1.88.0",
				"@aws-cdk/cx-api": "1.88.0",
				"@aws-cdk/region-info": "1.88.0",
				"constructs": "^3.2.0"
			}
		},
		"@aws-cdk/aws-ecr": {
			"version": "1.88.0",
			"resolved": "https://registry.npmjs.org/@aws-cdk/aws-ecr/-/aws-ecr-1.88.0.tgz",
			"integrity": "sha512-5q56RXz2CvqTB+NQiCwLDi+ELm0+hAs/F6D6wHlWHsRoFoNjHJPkgoWVBf2q8HxhI8RFNbbpx8nvnPZGA+bAcg==",
			"dev": true,
			"requires": {
				"@aws-cdk/aws-events": "1.88.0",
				"@aws-cdk/aws-iam": "1.88.0",
				"@aws-cdk/core": "1.88.0",
				"constructs": "^3.2.0"
			}
		},
		"@aws-cdk/aws-ecr-assets": {
			"version": "1.88.0",
			"resolved": "https://registry.npmjs.org/@aws-cdk/aws-ecr-assets/-/aws-ecr-assets-1.88.0.tgz",
			"integrity": "sha512-meJaEhTJMNfJpbgYWyaGC6zReJHvgCQn8GXrgLRm2ttbaTkuwT9nvbDaOofJgxeqZjZ/5Ny6GNx/EZwajcR/ow==",
			"dev": true,
			"requires": {
				"@aws-cdk/assets": "1.88.0",
				"@aws-cdk/aws-ecr": "1.88.0",
				"@aws-cdk/aws-iam": "1.88.0",
				"@aws-cdk/aws-s3": "1.88.0",
				"@aws-cdk/core": "1.88.0",
				"@aws-cdk/cx-api": "1.88.0",
				"constructs": "^3.2.0",
				"minimatch": "^3.0.4"
			},
			"dependencies": {
				"balanced-match": {
					"version": "1.0.0",
					"bundled": true,
					"dev": true
				},
				"brace-expansion": {
					"version": "1.1.11",
					"bundled": true,
					"dev": true,
					"requires": {
						"balanced-match": "^1.0.0",
						"concat-map": "0.0.1"
					}
				},
				"concat-map": {
					"version": "0.0.1",
					"bundled": true,
					"dev": true
				},
				"minimatch": {
					"version": "3.0.4",
					"bundled": true,
					"dev": true,
					"requires": {
						"brace-expansion": "^1.1.7"
					}
				}
			}
		},
		"@aws-cdk/aws-ecs": {
			"version": "1.88.0",
			"resolved": "https://registry.npmjs.org/@aws-cdk/aws-ecs/-/aws-ecs-1.88.0.tgz",
			"integrity": "sha512-7nVJb/s8u9AgKsOwMGa0Bzv7zkRFMuVhs2eBnPf6cxphKt/tS/t2mWcEPlWDojoH5X+2w3FWPUr+TRBF99fYcg==",
			"dev": true,
			"requires": {
				"@aws-cdk/aws-applicationautoscaling": "1.88.0",
				"@aws-cdk/aws-autoscaling": "1.88.0",
				"@aws-cdk/aws-autoscaling-hooktargets": "1.88.0",
				"@aws-cdk/aws-certificatemanager": "1.88.0",
				"@aws-cdk/aws-cloudwatch": "1.88.0",
				"@aws-cdk/aws-ec2": "1.88.0",
				"@aws-cdk/aws-ecr": "1.88.0",
				"@aws-cdk/aws-ecr-assets": "1.88.0",
				"@aws-cdk/aws-elasticloadbalancing": "1.88.0",
				"@aws-cdk/aws-elasticloadbalancingv2": "1.88.0",
				"@aws-cdk/aws-iam": "1.88.0",
				"@aws-cdk/aws-kms": "1.88.0",
				"@aws-cdk/aws-lambda": "1.88.0",
				"@aws-cdk/aws-logs": "1.88.0",
				"@aws-cdk/aws-route53": "1.88.0",
				"@aws-cdk/aws-route53-targets": "1.88.0",
				"@aws-cdk/aws-s3": "1.88.0",
				"@aws-cdk/aws-s3-assets": "1.88.0",
				"@aws-cdk/aws-secretsmanager": "1.88.0",
				"@aws-cdk/aws-servicediscovery": "1.88.0",
				"@aws-cdk/aws-sns": "1.88.0",
				"@aws-cdk/aws-sqs": "1.88.0",
				"@aws-cdk/aws-ssm": "1.88.0",
				"@aws-cdk/core": "1.88.0",
				"@aws-cdk/cx-api": "1.88.0",
				"constructs": "^3.2.0"
			}
		},
		"@aws-cdk/aws-efs": {
			"version": "1.88.0",
			"resolved": "https://registry.npmjs.org/@aws-cdk/aws-efs/-/aws-efs-1.88.0.tgz",
			"integrity": "sha512-pstdFj1PrDxnP2Tn+E0PZ1wyTTxi1Uh7LHJeYBHcmE5iW/apc+hFU4HvF9A3UzoCHSQr42VztBB9yTpK/lBEQw==",
			"dev": true,
			"requires": {
				"@aws-cdk/aws-ec2": "1.88.0",
				"@aws-cdk/aws-kms": "1.88.0",
				"@aws-cdk/cloud-assembly-schema": "1.88.0",
				"@aws-cdk/core": "1.88.0",
				"@aws-cdk/cx-api": "1.88.0",
				"constructs": "^3.2.0"
			}
		},
		"@aws-cdk/aws-elasticloadbalancing": {
			"version": "1.88.0",
			"resolved": "https://registry.npmjs.org/@aws-cdk/aws-elasticloadbalancing/-/aws-elasticloadbalancing-1.88.0.tgz",
			"integrity": "sha512-oef7dQTa8a2063h2N2L617h6mWz9RQ4fvHja8iWMjgMWQMPvIGD93+1Nmn1TjFVPqNoIvo2JT+6hyJNo23lL2A==",
			"dev": true,
			"requires": {
				"@aws-cdk/aws-ec2": "1.88.0",
				"@aws-cdk/core": "1.88.0",
				"constructs": "^3.2.0"
			}
		},
		"@aws-cdk/aws-elasticloadbalancingv2": {
			"version": "1.88.0",
			"resolved": "https://registry.npmjs.org/@aws-cdk/aws-elasticloadbalancingv2/-/aws-elasticloadbalancingv2-1.88.0.tgz",
			"integrity": "sha512-y7KwBgoY/21bc6SopVhmxudIlxvzv/0hwBZLhAbo3Z6YR8DvsQpEUkkf4cwWrYkBfXngowVHm7pgTx++ySeijg==",
			"dev": true,
			"requires": {
				"@aws-cdk/aws-certificatemanager": "1.88.0",
				"@aws-cdk/aws-cloudwatch": "1.88.0",
				"@aws-cdk/aws-ec2": "1.88.0",
				"@aws-cdk/aws-iam": "1.88.0",
				"@aws-cdk/aws-lambda": "1.88.0",
				"@aws-cdk/aws-s3": "1.88.0",
				"@aws-cdk/cloud-assembly-schema": "1.88.0",
				"@aws-cdk/core": "1.88.0",
				"@aws-cdk/cx-api": "1.88.0",
				"@aws-cdk/region-info": "1.88.0",
				"constructs": "^3.2.0"
			}
		},
		"@aws-cdk/aws-elasticsearch": {
			"version": "1.88.0",
			"resolved": "https://registry.npmjs.org/@aws-cdk/aws-elasticsearch/-/aws-elasticsearch-1.88.0.tgz",
			"integrity": "sha512-SV+pqYbZpKgSreY8A2WYn3zBAgVTp+n07+oPVTBQ5VKRAHswG9Wa6VSTjd228AiOIA2gIlWWimQ1eF9NLtjdAQ==",
			"dev": true,
			"requires": {
				"@aws-cdk/aws-cloudwatch": "1.88.0",
				"@aws-cdk/aws-ec2": "1.88.0",
				"@aws-cdk/aws-iam": "1.88.0",
				"@aws-cdk/aws-kms": "1.88.0",
				"@aws-cdk/aws-logs": "1.88.0",
				"@aws-cdk/aws-secretsmanager": "1.88.0",
				"@aws-cdk/core": "1.88.0",
				"@aws-cdk/custom-resources": "1.88.0",
				"constructs": "^3.2.0"
			}
		},
		"@aws-cdk/aws-events": {
			"version": "1.88.0",
			"resolved": "https://registry.npmjs.org/@aws-cdk/aws-events/-/aws-events-1.88.0.tgz",
			"integrity": "sha512-/zkEkvyCdvyBmv31465tyNlqJqqb1GstOsnluOMAvrhEJiEwtRwaKthNxgRvCfRiv/h7htC5VTiJiy1gX+/rfw==",
			"dev": true,
			"requires": {
				"@aws-cdk/aws-iam": "1.88.0",
				"@aws-cdk/core": "1.88.0",
				"constructs": "^3.2.0"
			}
		},
		"@aws-cdk/aws-events-targets": {
			"version": "1.88.0",
			"resolved": "https://registry.npmjs.org/@aws-cdk/aws-events-targets/-/aws-events-targets-1.88.0.tgz",
			"integrity": "sha512-jMR5i7IAw5oZhqzXFft+KcrO8qc86WHdV66XEntGxk3UrZceGafSyhuWx5LQP5w8JAUR1Src7ninD7/ozCsICQ==",
			"dev": true,
			"requires": {
				"@aws-cdk/aws-batch": "1.88.0",
				"@aws-cdk/aws-codebuild": "1.88.0",
				"@aws-cdk/aws-codepipeline": "1.88.0",
				"@aws-cdk/aws-ec2": "1.88.0",
				"@aws-cdk/aws-ecs": "1.88.0",
				"@aws-cdk/aws-events": "1.88.0",
				"@aws-cdk/aws-iam": "1.88.0",
				"@aws-cdk/aws-kinesis": "1.88.0",
				"@aws-cdk/aws-kinesisfirehose": "1.88.0",
				"@aws-cdk/aws-lambda": "1.88.0",
				"@aws-cdk/aws-logs": "1.88.0",
				"@aws-cdk/aws-sns": "1.88.0",
				"@aws-cdk/aws-sns-subscriptions": "1.88.0",
				"@aws-cdk/aws-sqs": "1.88.0",
				"@aws-cdk/aws-stepfunctions": "1.88.0",
				"@aws-cdk/core": "1.88.0",
				"@aws-cdk/custom-resources": "1.88.0",
				"constructs": "^3.2.0"
			}
		},
		"@aws-cdk/aws-glue": {
			"version": "1.88.0",
			"resolved": "https://registry.npmjs.org/@aws-cdk/aws-glue/-/aws-glue-1.88.0.tgz",
			"integrity": "sha512-aNG3CV1RBDTNDfaNcVr6nfO6wvNwHPi8vF+l1yp3/IS6zGhQ5SObQEYgp2w+nm/Z726vjdAKUaXRnae2B/0deg==",
			"dev": true,
			"requires": {
				"@aws-cdk/aws-iam": "1.88.0",
				"@aws-cdk/aws-kms": "1.88.0",
				"@aws-cdk/aws-s3": "1.88.0",
				"@aws-cdk/core": "1.88.0",
				"constructs": "^3.2.0"
			}
		},
		"@aws-cdk/aws-iam": {
			"version": "1.88.0",
			"resolved": "https://registry.npmjs.org/@aws-cdk/aws-iam/-/aws-iam-1.88.0.tgz",
			"integrity": "sha512-a4Y8rvtJgB4SDWub2ZniUipfyiiqMUgCf7Eb4Otl8k3HIvz7ku7OEZyJswCGnSPvMspmk5oX7mVixrUs8E9qJQ==",
			"dev": true,
			"requires": {
				"@aws-cdk/core": "1.88.0",
				"@aws-cdk/region-info": "1.88.0",
				"constructs": "^3.2.0"
			}
		},
		"@aws-cdk/aws-kinesis": {
			"version": "1.88.0",
			"resolved": "https://registry.npmjs.org/@aws-cdk/aws-kinesis/-/aws-kinesis-1.88.0.tgz",
			"integrity": "sha512-pkje8djxEObf4yZwO8O/IMridJ4wkiReSBXwISrAFOGbfFoU2+41uR8fbrlXknO/YLjCzqTpDVHYV5uwtIw/Rw==",
			"dev": true,
			"requires": {
				"@aws-cdk/aws-iam": "1.88.0",
				"@aws-cdk/aws-kms": "1.88.0",
				"@aws-cdk/aws-logs": "1.88.0",
				"@aws-cdk/core": "1.88.0",
				"constructs": "^3.2.0"
			}
		},
		"@aws-cdk/aws-kinesisfirehose": {
			"version": "1.88.0",
			"resolved": "https://registry.npmjs.org/@aws-cdk/aws-kinesisfirehose/-/aws-kinesisfirehose-1.88.0.tgz",
			"integrity": "sha512-lratS3Q1Ac7I55nah6l9F2wynq6ChCleZWFaPNQdaRv2A9NsjDTsLhg/lynTdf7yQhwnCNfJW4RDh8hO06l/IQ==",
			"dev": true,
			"requires": {
				"@aws-cdk/core": "1.88.0",
				"constructs": "^3.2.0"
			}
		},
		"@aws-cdk/aws-kms": {
			"version": "1.88.0",
			"resolved": "https://registry.npmjs.org/@aws-cdk/aws-kms/-/aws-kms-1.88.0.tgz",
			"integrity": "sha512-c5xmchJDMcTVzmYyTPzDX3zYMI9SybB53mVfwIcZSAqGw3WVb9rbOPMo/jxkDaAoDRX1U0I2Qga6gPqWmDSkEw==",
			"dev": true,
			"requires": {
				"@aws-cdk/aws-iam": "1.88.0",
				"@aws-cdk/core": "1.88.0",
				"@aws-cdk/cx-api": "1.88.0",
				"constructs": "^3.2.0"
			}
		},
		"@aws-cdk/aws-lambda": {
			"version": "1.88.0",
			"resolved": "https://registry.npmjs.org/@aws-cdk/aws-lambda/-/aws-lambda-1.88.0.tgz",
			"integrity": "sha512-1ESJV5IO4na92uhNw1b5vqpIyZJf91ceKmKFCHmmI/lYNdjVzgnjog0/+zI7AHaj3yObEEImPyuuGWmed2/+kQ==",
			"dev": true,
			"requires": {
				"@aws-cdk/aws-applicationautoscaling": "1.88.0",
				"@aws-cdk/aws-cloudwatch": "1.88.0",
				"@aws-cdk/aws-codeguruprofiler": "1.88.0",
				"@aws-cdk/aws-ec2": "1.88.0",
				"@aws-cdk/aws-ecr": "1.88.0",
				"@aws-cdk/aws-ecr-assets": "1.88.0",
				"@aws-cdk/aws-efs": "1.88.0",
				"@aws-cdk/aws-events": "1.88.0",
				"@aws-cdk/aws-iam": "1.88.0",
				"@aws-cdk/aws-kms": "1.88.0",
				"@aws-cdk/aws-logs": "1.88.0",
				"@aws-cdk/aws-s3": "1.88.0",
				"@aws-cdk/aws-s3-assets": "1.88.0",
				"@aws-cdk/aws-sqs": "1.88.0",
				"@aws-cdk/core": "1.88.0",
				"@aws-cdk/cx-api": "1.88.0",
				"constructs": "^3.2.0"
			}
		},
		"@aws-cdk/aws-lambda-event-sources": {
			"version": "1.88.0",
			"resolved": "https://registry.npmjs.org/@aws-cdk/aws-lambda-event-sources/-/aws-lambda-event-sources-1.88.0.tgz",
			"integrity": "sha512-HQ5kXQJp4AodNyFwUQ7zihJxqXVIe6t8Uu2axKoylc4PgGm/EwekkxQSMpWWKn7Ff9Djv6feT5/PdLc9tHUtyQ==",
			"dev": true,
			"requires": {
				"@aws-cdk/aws-apigateway": "1.88.0",
				"@aws-cdk/aws-dynamodb": "1.88.0",
				"@aws-cdk/aws-events": "1.88.0",
				"@aws-cdk/aws-iam": "1.88.0",
				"@aws-cdk/aws-kinesis": "1.88.0",
				"@aws-cdk/aws-lambda": "1.88.0",
				"@aws-cdk/aws-s3": "1.88.0",
				"@aws-cdk/aws-s3-notifications": "1.88.0",
				"@aws-cdk/aws-sns": "1.88.0",
				"@aws-cdk/aws-sns-subscriptions": "1.88.0",
				"@aws-cdk/aws-sqs": "1.88.0",
				"@aws-cdk/core": "1.88.0",
				"constructs": "^3.2.0"
			}
		},
		"@aws-cdk/aws-logs": {
			"version": "1.88.0",
			"resolved": "https://registry.npmjs.org/@aws-cdk/aws-logs/-/aws-logs-1.88.0.tgz",
			"integrity": "sha512-EIxSvai7m0DEWrymf0onJxTwPkkkWBEzm09entaqHedyim//Op6s+S3tcHrzvrBqfpPIoWg/jJzGcDWmNkBthw==",
			"dev": true,
			"requires": {
				"@aws-cdk/aws-cloudwatch": "1.88.0",
				"@aws-cdk/aws-iam": "1.88.0",
				"@aws-cdk/aws-kms": "1.88.0",
				"@aws-cdk/aws-s3-assets": "1.88.0",
				"@aws-cdk/core": "1.88.0",
				"constructs": "^3.2.0"
			}
		},
		"@aws-cdk/aws-rds": {
			"version": "1.88.0",
			"resolved": "https://registry.npmjs.org/@aws-cdk/aws-rds/-/aws-rds-1.88.0.tgz",
			"integrity": "sha512-+0FDzllnXOOfXdFHDFbFQaN2yvJqbqhq0COB4EDLuqOmfePTAPUoBtvfMqokkFbhYT3HZaVLgClw5GSSpN0xig==",
			"dev": true,
			"requires": {
				"@aws-cdk/aws-cloudwatch": "1.88.0",
				"@aws-cdk/aws-ec2": "1.88.0",
				"@aws-cdk/aws-events": "1.88.0",
				"@aws-cdk/aws-iam": "1.88.0",
				"@aws-cdk/aws-kms": "1.88.0",
				"@aws-cdk/aws-logs": "1.88.0",
				"@aws-cdk/aws-s3": "1.88.0",
				"@aws-cdk/aws-secretsmanager": "1.88.0",
				"@aws-cdk/core": "1.88.0",
				"constructs": "^3.2.0"
			}
		},
		"@aws-cdk/aws-route53": {
			"version": "1.88.0",
			"resolved": "https://registry.npmjs.org/@aws-cdk/aws-route53/-/aws-route53-1.88.0.tgz",
			"integrity": "sha512-z7VzAqn0mGAL9L7fljQEEXfd/GqZLlw2QU7Yt4uGbSyQALhinh6Q+PFE0HK69+qXptWBkdTco6ktq/eCmZqsXw==",
			"dev": true,
			"requires": {
				"@aws-cdk/aws-ec2": "1.88.0",
				"@aws-cdk/aws-iam": "1.88.0",
				"@aws-cdk/aws-logs": "1.88.0",
				"@aws-cdk/cloud-assembly-schema": "1.88.0",
				"@aws-cdk/core": "1.88.0",
				"@aws-cdk/custom-resources": "1.88.0",
				"constructs": "^3.2.0"
			}
		},
		"@aws-cdk/aws-route53-targets": {
			"version": "1.88.0",
			"resolved": "https://registry.npmjs.org/@aws-cdk/aws-route53-targets/-/aws-route53-targets-1.88.0.tgz",
			"integrity": "sha512-Qu37hzBmmEAa3M1vIaDGf01CQogFelX3FWJnMDJ8CXNDYQ1A0m7Iv5W4GDbNiUFoUyP77di6E3axZ3I+qVvikQ==",
			"dev": true,
			"requires": {
				"@aws-cdk/aws-apigateway": "1.88.0",
				"@aws-cdk/aws-apigatewayv2": "1.88.0",
				"@aws-cdk/aws-cloudfront": "1.88.0",
				"@aws-cdk/aws-cognito": "1.88.0",
				"@aws-cdk/aws-ec2": "1.88.0",
				"@aws-cdk/aws-elasticloadbalancing": "1.88.0",
				"@aws-cdk/aws-elasticloadbalancingv2": "1.88.0",
				"@aws-cdk/aws-iam": "1.88.0",
				"@aws-cdk/aws-route53": "1.88.0",
				"@aws-cdk/aws-s3": "1.88.0",
				"@aws-cdk/core": "1.88.0",
				"@aws-cdk/region-info": "1.88.0",
				"constructs": "^3.2.0"
			}
		},
		"@aws-cdk/aws-s3": {
			"version": "1.88.0",
			"resolved": "https://registry.npmjs.org/@aws-cdk/aws-s3/-/aws-s3-1.88.0.tgz",
			"integrity": "sha512-jkh5al3DV8yOHhANWqSUJlmT+UZ4Gu04M8wFaUqSFZBHsEFSOMBt5Ps0NdSOJbpIco/kVkPyKXaBw4gENJP1YA==",
			"dev": true,
			"requires": {
				"@aws-cdk/aws-events": "1.88.0",
				"@aws-cdk/aws-iam": "1.88.0",
				"@aws-cdk/aws-kms": "1.88.0",
				"@aws-cdk/core": "1.88.0",
				"@aws-cdk/cx-api": "1.88.0",
				"constructs": "^3.2.0"
			}
		},
		"@aws-cdk/aws-s3-assets": {
			"version": "1.88.0",
			"resolved": "https://registry.npmjs.org/@aws-cdk/aws-s3-assets/-/aws-s3-assets-1.88.0.tgz",
			"integrity": "sha512-b0p7ZvL6jp8oc1qjZvcq9CAgpQs5KGd5zZLwW61kw6ayZ7V8UVU4RT6cEhFQnCfOuAO8/NS3gnUdASrkFrhfhg==",
			"dev": true,
			"requires": {
				"@aws-cdk/assets": "1.88.0",
				"@aws-cdk/aws-iam": "1.88.0",
				"@aws-cdk/aws-kms": "1.88.0",
				"@aws-cdk/aws-s3": "1.88.0",
				"@aws-cdk/core": "1.88.0",
				"@aws-cdk/cx-api": "1.88.0",
				"constructs": "^3.2.0"
			}
		},
		"@aws-cdk/aws-s3-notifications": {
			"version": "1.88.0",
			"resolved": "https://registry.npmjs.org/@aws-cdk/aws-s3-notifications/-/aws-s3-notifications-1.88.0.tgz",
			"integrity": "sha512-FuktxZ/q4L6fuaMY3ej7CEgqfyHkAt+YLxN6AQSR6hOCRHpVYyrOMpHJRedyrTA/TulLPcah3U/VQ4Wq0ZGZqw==",
			"dev": true,
			"requires": {
				"@aws-cdk/aws-iam": "1.88.0",
				"@aws-cdk/aws-lambda": "1.88.0",
				"@aws-cdk/aws-s3": "1.88.0",
				"@aws-cdk/aws-sns": "1.88.0",
				"@aws-cdk/aws-sqs": "1.88.0",
				"@aws-cdk/core": "1.88.0",
				"constructs": "^3.2.0"
			}
		},
		"@aws-cdk/aws-sam": {
			"version": "1.88.0",
			"resolved": "https://registry.npmjs.org/@aws-cdk/aws-sam/-/aws-sam-1.88.0.tgz",
			"integrity": "sha512-vP0hU64pkqf/vjPWuYWZIUDzu/8hy+bWICX/B4Y/iP0SzD4WTYDxb1b5TV6HPYdAFXdPvvz5nix3zuTC/fcMIg==",
			"dev": true,
			"requires": {
				"@aws-cdk/core": "1.88.0",
				"constructs": "^3.2.0"
			}
		},
		"@aws-cdk/aws-secretsmanager": {
			"version": "1.88.0",
			"resolved": "https://registry.npmjs.org/@aws-cdk/aws-secretsmanager/-/aws-secretsmanager-1.88.0.tgz",
			"integrity": "sha512-1I0XkAz31RJEM0RAkBtSATNmThSs7g4a7RcHhaQ0VXFxuCFhjD912EukT7B5OmZI7onUUe9gM6xwV3G1Nnu1Qg==",
			"dev": true,
			"requires": {
				"@aws-cdk/aws-ec2": "1.88.0",
				"@aws-cdk/aws-iam": "1.88.0",
				"@aws-cdk/aws-kms": "1.88.0",
				"@aws-cdk/aws-lambda": "1.88.0",
				"@aws-cdk/aws-sam": "1.88.0",
				"@aws-cdk/core": "1.88.0",
				"@aws-cdk/cx-api": "1.88.0",
				"constructs": "^3.2.0"
			}
		},
		"@aws-cdk/aws-servicediscovery": {
			"version": "1.88.0",
			"resolved": "https://registry.npmjs.org/@aws-cdk/aws-servicediscovery/-/aws-servicediscovery-1.88.0.tgz",
			"integrity": "sha512-T99y9Vfsokmvf1t2c2GzHKDKnqUupgxeehPdTfITRU8le1+n8kKIDCo39yzZwHvXi91mcL03B3q56to+bpi4Hg==",
			"dev": true,
			"requires": {
				"@aws-cdk/aws-ec2": "1.88.0",
				"@aws-cdk/aws-elasticloadbalancingv2": "1.88.0",
				"@aws-cdk/aws-route53": "1.88.0",
				"@aws-cdk/core": "1.88.0",
				"constructs": "^3.2.0"
			}
		},
		"@aws-cdk/aws-sns": {
			"version": "1.88.0",
			"resolved": "https://registry.npmjs.org/@aws-cdk/aws-sns/-/aws-sns-1.88.0.tgz",
			"integrity": "sha512-hp3pXxlVcM+j9/F0APAsiJlxv8kMdPo7uQWb325bfu5Q5ig7hAgNLWAMxwy7/i5DdePXOtsc18yURLGCObKsVg==",
			"dev": true,
			"requires": {
				"@aws-cdk/aws-cloudwatch": "1.88.0",
				"@aws-cdk/aws-events": "1.88.0",
				"@aws-cdk/aws-iam": "1.88.0",
				"@aws-cdk/aws-kms": "1.88.0",
				"@aws-cdk/aws-sqs": "1.88.0",
				"@aws-cdk/core": "1.88.0",
				"constructs": "^3.2.0"
			}
		},
		"@aws-cdk/aws-sns-subscriptions": {
			"version": "1.88.0",
			"resolved": "https://registry.npmjs.org/@aws-cdk/aws-sns-subscriptions/-/aws-sns-subscriptions-1.88.0.tgz",
			"integrity": "sha512-UjhZYDY4KN3WE9pwcSn7ISAd9oJbXNfW+Q81ZecgSBjNEo3/8rZnQd0bsKJjWa+sO5re6akgEgMBVavRCJaG7A==",
			"dev": true,
			"requires": {
				"@aws-cdk/aws-iam": "1.88.0",
				"@aws-cdk/aws-lambda": "1.88.0",
				"@aws-cdk/aws-sns": "1.88.0",
				"@aws-cdk/aws-sqs": "1.88.0",
				"@aws-cdk/core": "1.88.0",
				"constructs": "^3.2.0"
			}
		},
		"@aws-cdk/aws-sqs": {
			"version": "1.88.0",
			"resolved": "https://registry.npmjs.org/@aws-cdk/aws-sqs/-/aws-sqs-1.88.0.tgz",
			"integrity": "sha512-3deOulEBA+zR5CHqT/Ksa2i2uGiBdE8JUdwgIxX1IBtIi0u26ud10qxedoKRWh0jbBTrjk/h7otKyK8lbiYOBQ==",
			"dev": true,
			"requires": {
				"@aws-cdk/aws-cloudwatch": "1.88.0",
				"@aws-cdk/aws-iam": "1.88.0",
				"@aws-cdk/aws-kms": "1.88.0",
				"@aws-cdk/core": "1.88.0",
				"constructs": "^3.2.0"
			}
		},
		"@aws-cdk/aws-ssm": {
			"version": "1.88.0",
			"resolved": "https://registry.npmjs.org/@aws-cdk/aws-ssm/-/aws-ssm-1.88.0.tgz",
			"integrity": "sha512-aNXyL/ycnaktM61Tbsbhp/EnrEx0n6vmGckmTOxlzguzKtjBksswv30e51o40Un/6AakloRuHVhxTOPUhTmqEg==",
			"dev": true,
			"requires": {
				"@aws-cdk/aws-iam": "1.88.0",
				"@aws-cdk/aws-kms": "1.88.0",
				"@aws-cdk/cloud-assembly-schema": "1.88.0",
				"@aws-cdk/core": "1.88.0",
				"constructs": "^3.2.0"
			}
		},
		"@aws-cdk/aws-stepfunctions": {
			"version": "1.88.0",
			"resolved": "https://registry.npmjs.org/@aws-cdk/aws-stepfunctions/-/aws-stepfunctions-1.88.0.tgz",
			"integrity": "sha512-QiXVD+yYsqLdc8keQV+N+dVR/2SUfxIHD1DjSCZg41KrH3Cz4OPTxTOyu9+KUy84+aqFJFp3oLuh5UFILzCTUQ==",
			"dev": true,
			"requires": {
				"@aws-cdk/aws-cloudwatch": "1.88.0",
				"@aws-cdk/aws-events": "1.88.0",
				"@aws-cdk/aws-iam": "1.88.0",
				"@aws-cdk/aws-logs": "1.88.0",
				"@aws-cdk/core": "1.88.0",
				"constructs": "^3.2.0"
			}
		},
		"@aws-cdk/aws-stepfunctions-tasks": {
			"version": "1.88.0",
			"resolved": "https://registry.npmjs.org/@aws-cdk/aws-stepfunctions-tasks/-/aws-stepfunctions-tasks-1.88.0.tgz",
			"integrity": "sha512-CBVmCCAAks7jU/7QFqDycT0HPUwwWt/VWjXnXbulIYI3TF+hZeE19mIRuhs4VyFWupPqM9uwSR59GUH0lkJwlw==",
			"dev": true,
			"requires": {
				"@aws-cdk/aws-batch": "1.88.0",
				"@aws-cdk/aws-cloudwatch": "1.88.0",
				"@aws-cdk/aws-codebuild": "1.88.0",
				"@aws-cdk/aws-databrew": "1.88.0",
				"@aws-cdk/aws-dynamodb": "1.88.0",
				"@aws-cdk/aws-ec2": "1.88.0",
				"@aws-cdk/aws-ecr": "1.88.0",
				"@aws-cdk/aws-ecr-assets": "1.88.0",
				"@aws-cdk/aws-ecs": "1.88.0",
				"@aws-cdk/aws-glue": "1.88.0",
				"@aws-cdk/aws-iam": "1.88.0",
				"@aws-cdk/aws-kms": "1.88.0",
				"@aws-cdk/aws-lambda": "1.88.0",
				"@aws-cdk/aws-s3": "1.88.0",
				"@aws-cdk/aws-sns": "1.88.0",
				"@aws-cdk/aws-sqs": "1.88.0",
				"@aws-cdk/aws-stepfunctions": "1.88.0",
				"@aws-cdk/core": "1.88.0",
				"constructs": "^3.2.0"
			}
		},
		"@aws-cdk/cfnspec": {
			"version": "1.88.0",
			"resolved": "https://registry.npmjs.org/@aws-cdk/cfnspec/-/cfnspec-1.88.0.tgz",
			"integrity": "sha512-yH4sfa+h1URq8uf4o4lio4jNkENBNTQd787YkFD3JsARLhdVubcnJtWURmz3NiADeOiBJI6en/PaP3nMx9VB4Q==",
			"dev": true,
			"requires": {
				"md5": "^2.3.0"
			}
		},
		"@aws-cdk/cloud-assembly-schema": {
			"version": "1.88.0",
			"resolved": "https://registry.npmjs.org/@aws-cdk/cloud-assembly-schema/-/cloud-assembly-schema-1.88.0.tgz",
			"integrity": "sha512-4o44jTWHixxWIXx360tsghWh/AUBpfR50D+jZ21x1F5yuksDmF9XpGtWmbT710BcV3S9SnRDFz6gyCuxs5SCCg==",
			"dev": true,
			"requires": {
				"jsonschema": "^1.4.0",
				"semver": "^7.3.2"
			},
			"dependencies": {
				"jsonschema": {
					"version": "1.4.0",
					"bundled": true,
					"dev": true
				},
				"semver": {
					"version": "7.3.2",
					"bundled": true,
					"dev": true
				}
			}
		},
		"@aws-cdk/cloudformation-diff": {
			"version": "1.88.0",
			"resolved": "https://registry.npmjs.org/@aws-cdk/cloudformation-diff/-/cloudformation-diff-1.88.0.tgz",
			"integrity": "sha512-QM9d4AxrLHw8ueLrrsZH4U44cja9gdBvvcfGMTZzbyytDEeOjXngvxNOg3t7l7kPjmR/83xZR1kYBRS7eL5pSw==",
			"dev": true,
			"requires": {
				"@aws-cdk/cfnspec": "1.88.0",
				"colors": "^1.4.0",
				"diff": "^5.0.0",
				"fast-deep-equal": "^3.1.3",
				"string-width": "^4.2.0",
				"table": "^6.0.7"
			}
		},
		"@aws-cdk/core": {
			"version": "1.88.0",
			"resolved": "https://registry.npmjs.org/@aws-cdk/core/-/core-1.88.0.tgz",
			"integrity": "sha512-CUYfHNNqesuV94bsd2YDM9m68oistanDcr8rnPT4SPuLAL2JlTwQLlHCBblYvzZkTPKSEt9+0x5XZM8uBy/T3g==",
			"dev": true,
			"requires": {
				"@aws-cdk/cloud-assembly-schema": "1.88.0",
				"@aws-cdk/cx-api": "1.88.0",
				"@aws-cdk/region-info": "1.88.0",
				"@balena/dockerignore": "^1.0.2",
				"constructs": "^3.2.0",
				"fs-extra": "^9.1.0",
				"ignore": "^5.1.8",
				"minimatch": "^3.0.4"
			},
			"dependencies": {
				"@balena/dockerignore": {
					"version": "1.0.2",
					"bundled": true,
					"dev": true
				},
				"at-least-node": {
					"version": "1.0.0",
					"bundled": true,
					"dev": true
				},
				"balanced-match": {
					"version": "1.0.0",
					"bundled": true,
					"dev": true
				},
				"brace-expansion": {
					"version": "1.1.11",
					"bundled": true,
					"dev": true,
					"requires": {
						"balanced-match": "^1.0.0",
						"concat-map": "0.0.1"
					}
				},
				"concat-map": {
					"version": "0.0.1",
					"bundled": true,
					"dev": true
				},
				"fs-extra": {
					"version": "9.1.0",
					"bundled": true,
					"dev": true,
					"requires": {
						"at-least-node": "^1.0.0",
						"graceful-fs": "^4.2.0",
						"jsonfile": "^6.0.1",
						"universalify": "^2.0.0"
					}
				},
				"graceful-fs": {
					"version": "4.2.4",
					"bundled": true,
					"dev": true
				},
				"ignore": {
					"version": "5.1.8",
					"bundled": true,
					"dev": true
				},
				"jsonfile": {
					"version": "6.1.0",
					"bundled": true,
					"dev": true,
					"requires": {
						"graceful-fs": "^4.1.6",
						"universalify": "^2.0.0"
					}
				},
				"minimatch": {
					"version": "3.0.4",
					"bundled": true,
					"dev": true,
					"requires": {
						"brace-expansion": "^1.1.7"
					}
				},
				"universalify": {
					"version": "2.0.0",
					"bundled": true,
					"dev": true
				}
			}
		},
		"@aws-cdk/custom-resources": {
			"version": "1.88.0",
			"resolved": "https://registry.npmjs.org/@aws-cdk/custom-resources/-/custom-resources-1.88.0.tgz",
			"integrity": "sha512-UqKkFTA/Ab55mqunkEWXbzHHB34Vco6nw+9JrSorak4Ah0jd1bomCuWxKk/RUvBgvrl5kczKwNt5r7Iwpx7raw==",
			"dev": true,
			"requires": {
				"@aws-cdk/aws-cloudformation": "1.88.0",
				"@aws-cdk/aws-ec2": "1.88.0",
				"@aws-cdk/aws-iam": "1.88.0",
				"@aws-cdk/aws-lambda": "1.88.0",
				"@aws-cdk/aws-logs": "1.88.0",
				"@aws-cdk/aws-sns": "1.88.0",
				"@aws-cdk/core": "1.88.0",
				"constructs": "^3.2.0"
			}
		},
		"@aws-cdk/cx-api": {
			"version": "1.88.0",
			"resolved": "https://registry.npmjs.org/@aws-cdk/cx-api/-/cx-api-1.88.0.tgz",
			"integrity": "sha512-89sTxVU/M8Fld/U555HaRPuf57Xi866ukTj7JQf6zuTIh5S9bd+fiJ8YCO85bpXVChlNNYTO/03t5uGZjFw3Ew==",
			"dev": true,
			"requires": {
				"@aws-cdk/cloud-assembly-schema": "1.88.0",
				"semver": "^7.3.2"
			},
			"dependencies": {
				"semver": {
					"version": "7.3.2",
					"bundled": true,
					"dev": true
				}
			}
		},
		"@aws-cdk/region-info": {
			"version": "1.88.0",
			"resolved": "https://registry.npmjs.org/@aws-cdk/region-info/-/region-info-1.88.0.tgz",
			"integrity": "sha512-7W8TaWaMds6maQsQfZVV1QDVPvyx5/ZILKwQOgiEcjpC8zDVkd92EiAFMa3NDH8ANN/+SJq/eC+fPfludY2VvQ==",
			"dev": true
		},
		"ajv": {
			"version": "7.0.4",
			"resolved": "https://registry.npmjs.org/ajv/-/ajv-7.0.4.tgz",
			"integrity": "sha512-xzzzaqgEQfmuhbhAoqjJ8T/1okb6gAzXn/eQRNpAN1AEUoHJTNF9xCDRTtf/s3SKldtZfa+RJeTs+BQq+eZ/sw==",
			"dev": true,
			"requires": {
				"fast-deep-equal": "^3.1.1",
				"json-schema-traverse": "^1.0.0",
				"require-from-string": "^2.0.2",
				"uri-js": "^4.2.2"
			}
		},
		"ansi-regex": {
			"version": "5.0.0",
			"resolved": "https://registry.npmjs.org/ansi-regex/-/ansi-regex-5.0.0.tgz",
			"integrity": "sha512-bY6fj56OUQ0hU1KjFNDQuJFezqKdrAyFdIevADiqrWHwSlbmBNMHp5ak2f40Pm8JTFyM2mqxkG6ngkHO11f/lg==",
			"dev": true
		},
		"ansi-styles": {
			"version": "4.3.0",
			"resolved": "https://registry.npmjs.org/ansi-styles/-/ansi-styles-4.3.0.tgz",
			"integrity": "sha512-zbB9rCJAT1rbjiVDb2hqKFHNYLxgtk8NURxZ3IZwD3F6NtxbXZQCnnSi1Lkx+IDohdPlFp222wVALIheZJQSEg==",
			"dev": true,
			"requires": {
				"color-convert": "^2.0.1"
			}
		},
		"astral-regex": {
			"version": "2.0.0",
			"resolved": "https://registry.npmjs.org/astral-regex/-/astral-regex-2.0.0.tgz",
			"integrity": "sha512-Z7tMw1ytTXt5jqMcOP+OQteU1VuNK9Y02uuJtKQ1Sv69jXQKKg5cibLwGJow8yzZP+eAc18EmLGPal0bp36rvQ==",
			"dev": true
		},
		"aws-sdk": {
			"version": "2.839.0",
			"resolved": "https://registry.npmjs.org/aws-sdk/-/aws-sdk-2.839.0.tgz",
			"integrity": "sha512-CFgiZ8IUpI1Qqs0ECheGO592lvGG6dYp7SsMJ5Xegd+aBAn6dimPTSmrnkPHPyzFhMYtBx1kE6SxVkl9MKOcWg==",
			"dev": true,
			"requires": {
				"buffer": "4.9.2",
				"events": "1.1.1",
				"ieee754": "1.1.13",
				"jmespath": "0.15.0",
				"querystring": "0.2.0",
				"sax": "1.2.1",
				"url": "0.10.3",
				"uuid": "3.3.2",
				"xml2js": "0.4.19"
			}
		},
		"base64-js": {
			"version": "1.5.1",
			"resolved": "https://registry.npmjs.org/base64-js/-/base64-js-1.5.1.tgz",
			"integrity": "sha512-AKpaYlHn8t4SVbOHCy+b5+KKgvR4vrsD8vbvrbiQJps7fKDTkjkDry6ji0rUJjC0kzbNePLwzxq8iypo41qeWA==",
			"dev": true
		},
		"buffer": {
			"version": "4.9.2",
			"resolved": "https://registry.npmjs.org/buffer/-/buffer-4.9.2.tgz",
			"integrity": "sha512-xq+q3SRMOxGivLhBNaUdC64hDTQwejJ+H0T/NB1XMtTVEwNTrfFF3gAxiyW0Bu/xWEGhjVKgUcMhCrUy2+uCWg==",
			"dev": true,
			"requires": {
				"base64-js": "^1.0.2",
				"ieee754": "^1.1.4",
				"isarray": "^1.0.0"
			}
		},
		"charenc": {
			"version": "0.0.2",
			"resolved": "https://registry.npmjs.org/charenc/-/charenc-0.0.2.tgz",
			"integrity": "sha1-wKHS86cJLgN3S/qD8UwPxXkKhmc=",
			"dev": true
		},
		"color-convert": {
			"version": "2.0.1",
			"resolved": "https://registry.npmjs.org/color-convert/-/color-convert-2.0.1.tgz",
			"integrity": "sha512-RRECPsj7iu/xb5oKYcsFHSppFNnsj/52OVTRKb4zP5onXwVF3zVmmToNcOfGC+CRDpfK/U584fMg38ZHCaElKQ==",
			"dev": true,
			"requires": {
				"color-name": "~1.1.4"
			}
		},
		"color-name": {
			"version": "1.1.4",
			"resolved": "https://registry.npmjs.org/color-name/-/color-name-1.1.4.tgz",
			"integrity": "sha512-dOy+3AuW3a2wNbZHIuMZpTcgjGuLU/uBL/ubcZF9OXbDo8ff4O8yVp5Bf0efS8uEoYo5q4Fx7dY9OgQGXgAsQA==",
			"dev": true
		},
		"colors": {
			"version": "1.4.0",
			"resolved": "https://registry.npmjs.org/colors/-/colors-1.4.0.tgz",
			"integrity": "sha512-a+UqTh4kgZg/SlGvfbzDHpgRu7AAQOmmqRHJnxhRZICKFUT91brVhNNt58CMWU9PsBbv3PDCZUHbVxuDiH2mtA==",
			"dev": true
		},
		"constructs": {
			"version": "3.3.12",
			"resolved": "https://registry.npmjs.org/constructs/-/constructs-3.3.12.tgz",
			"integrity": "sha512-K2Q1qYDYYGCCFBbWLNU5ja/mrHh2tB4SpSXU/XBfNxVl20OZTXUwzlFaCfSlBL12+dNbXC6f4eTpHZ2t5o7gDg==",
			"dev": true
		},
		"crypt": {
			"version": "0.0.2",
			"resolved": "https://registry.npmjs.org/crypt/-/crypt-0.0.2.tgz",
			"integrity": "sha1-iNf/fsDfuG9xPch7u0LQRNPmxBs=",
			"dev": true
		},
		"diff": {
			"version": "5.0.0",
			"resolved": "https://registry.npmjs.org/diff/-/diff-5.0.0.tgz",
			"integrity": "sha512-/VTCrvm5Z0JGty/BWHljh+BAiw3IK+2j87NGMu8Nwc/f48WoDAC395uomO9ZD117ZOBaHmkX1oyLvkVM/aIT3w==",
			"dev": true
		},
		"emoji-regex": {
			"version": "8.0.0",
			"resolved": "https://registry.npmjs.org/emoji-regex/-/emoji-regex-8.0.0.tgz",
			"integrity": "sha512-MSjYzcWNOA0ewAHpz0MxpYFvwg6yjy1NG3xteoqz644VCo/RPgnr1/GGt+ic3iJTzQ8Eu3TdM14SawnVUmGE6A==",
			"dev": true
		},
		"events": {
			"version": "1.1.1",
			"resolved": "https://registry.npmjs.org/events/-/events-1.1.1.tgz",
			"integrity": "sha1-nr23Y1rQmccNzEwqH1AEKI6L2SQ=",
			"dev": true
		},
		"fast-deep-equal": {
			"version": "3.1.3",
			"resolved": "https://registry.npmjs.org/fast-deep-equal/-/fast-deep-equal-3.1.3.tgz",
			"integrity": "sha512-f3qQ9oQy9j2AhBe/H9VC91wLmKBCCU/gDOnKNAYG5hswO7BLKj09Hc5HYNz9cGI++xlpDCIgDaitVs03ATR84Q==",
			"dev": true
		},
		"ieee754": {
			"version": "1.1.13",
			"resolved": "https://registry.npmjs.org/ieee754/-/ieee754-1.1.13.tgz",
			"integrity": "sha512-4vf7I2LYV/HaWerSo3XmlMkp5eZ83i+/CDluXi/IGTs/O1sejBNhTtnxzmRZfvOUqj7lZjqHkeTvpgSFDlWZTg==",
			"dev": true
		},
		"is-buffer": {
			"version": "1.1.6",
			"resolved": "https://registry.npmjs.org/is-buffer/-/is-buffer-1.1.6.tgz",
			"integrity": "sha512-NcdALwpXkTm5Zvvbk7owOUSvVvBKDgKP5/ewfXEznmQFfs4ZRmanOeKBTjRVjka3QFoN6XJ+9F3USqfHqTaU5w==",
			"dev": true
		},
		"is-fullwidth-code-point": {
			"version": "3.0.0",
			"resolved": "https://registry.npmjs.org/is-fullwidth-code-point/-/is-fullwidth-code-point-3.0.0.tgz",
			"integrity": "sha512-zymm5+u+sCsSWyD9qNaejV3DFvhCKclKdizYaJUuHA83RLjb7nSuGnddCHGv0hk+KY7BMAlsWeK4Ueg6EV6XQg==",
			"dev": true
		},
		"isarray": {
			"version": "1.0.0",
			"resolved": "https://registry.npmjs.org/isarray/-/isarray-1.0.0.tgz",
			"integrity": "sha1-u5NdSFgsuhaMBoNJV6VKPgcSTxE=",
			"dev": true
		},
		"jmespath": {
			"version": "0.15.0",
			"resolved": "https://registry.npmjs.org/jmespath/-/jmespath-0.15.0.tgz",
			"integrity": "sha1-o/Iiqarp+Wb10nx5ZRDigJF2Qhc=",
			"dev": true
		},
		"json-schema-traverse": {
			"version": "1.0.0",
			"resolved": "https://registry.npmjs.org/json-schema-traverse/-/json-schema-traverse-1.0.0.tgz",
			"integrity": "sha512-NM8/P9n3XjXhIZn1lLhkFaACTOURQXjWhV4BA/RnOv8xvgqtqpAX9IO4mRQxSx1Rlo4tqzeqb0sOlruaOy3dug==",
			"dev": true
		},
		"lodash": {
			"version": "4.17.20",
			"resolved": "https://registry.npmjs.org/lodash/-/lodash-4.17.20.tgz",
			"integrity": "sha512-PlhdFcillOINfeV7Ni6oF1TAEayyZBoZ8bcshTHqOYJYlrqzRK5hagpagky5o4HfCzzd1TRkXPMFq6cKk9rGmA==",
			"dev": true
		},
		"md5": {
			"version": "2.3.0",
			"resolved": "https://registry.npmjs.org/md5/-/md5-2.3.0.tgz",
			"integrity": "sha512-T1GITYmFaKuO91vxyoQMFETst+O71VUPEU3ze5GNzDm0OWdP8v1ziTaAEPUr/3kLsY3Sftgz242A1SetQiDL7g==",
			"dev": true,
			"requires": {
				"charenc": "0.0.2",
				"crypt": "0.0.2",
				"is-buffer": "~1.1.6"
			}
		},
		"punycode": {
			"version": "2.1.1",
			"resolved": "https://registry.npmjs.org/punycode/-/punycode-2.1.1.tgz",
			"integrity": "sha512-XRsRjdf+j5ml+y/6GKHPZbrF/8p2Yga0JPtdqTIY2Xe5ohJPD9saDJJLPvp9+NSBprVvevdXZybnj2cv8OEd0A==",
			"dev": true
		},
		"querystring": {
			"version": "0.2.0",
			"resolved": "https://registry.npmjs.org/querystring/-/querystring-0.2.0.tgz",
			"integrity": "sha1-sgmEkgO7Jd+CDadW50cAWHhSFiA=",
			"dev": true
		},
		"require-from-string": {
			"version": "2.0.2",
			"resolved": "https://registry.npmjs.org/require-from-string/-/require-from-string-2.0.2.tgz",
			"integrity": "sha512-Xf0nWe6RseziFMu+Ap9biiUbmplq6S9/p+7w7YXP/JBHhrUDDUhwa+vANyubuqfZWTveU//DYVGsDG7RKL/vEw==",
			"dev": true
		},
		"sax": {
			"version": "1.2.1",
			"resolved": "https://registry.npmjs.org/sax/-/sax-1.2.1.tgz",
			"integrity": "sha1-e45lYZCyKOgaZq6nSEgNgozS03o=",
			"dev": true
		},
		"slice-ansi": {
			"version": "4.0.0",
			"resolved": "https://registry.npmjs.org/slice-ansi/-/slice-ansi-4.0.0.tgz",
			"integrity": "sha512-qMCMfhY040cVHT43K9BFygqYbUPFZKHOg7K73mtTWJRb8pyP3fzf4Ixd5SzdEJQ6MRUg/WBnOLxghZtKKurENQ==",
			"dev": true,
			"requires": {
				"ansi-styles": "^4.0.0",
				"astral-regex": "^2.0.0",
				"is-fullwidth-code-point": "^3.0.0"
			}
		},
		"string-width": {
			"version": "4.2.0",
			"resolved": "https://registry.npmjs.org/string-width/-/string-width-4.2.0.tgz",
			"integrity": "sha512-zUz5JD+tgqtuDjMhwIg5uFVV3dtqZ9yQJlZVfq4I01/K5Paj5UHj7VyrQOJvzawSVlKpObApbfD0Ed6yJc+1eg==",
			"dev": true,
			"requires": {
				"emoji-regex": "^8.0.0",
				"is-fullwidth-code-point": "^3.0.0",
				"strip-ansi": "^6.0.0"
			}
		},
		"strip-ansi": {
			"version": "6.0.0",
			"resolved": "https://registry.npmjs.org/strip-ansi/-/strip-ansi-6.0.0.tgz",
			"integrity": "sha512-AuvKTrTfQNYNIctbR1K/YGTR1756GycPsg7b9bdV9Duqur4gv6aKqHXah67Z8ImS7WEz5QVcOtlfW2rZEugt6w==",
			"dev": true,
			"requires": {
				"ansi-regex": "^5.0.0"
			}
		},
		"table": {
			"version": "6.0.7",
			"resolved": "https://registry.npmjs.org/table/-/table-6.0.7.tgz",
			"integrity": "sha512-rxZevLGTUzWna/qBLObOe16kB2RTnnbhciwgPbMMlazz1yZGVEgnZK762xyVdVznhqxrfCeBMmMkgOOaPwjH7g==",
			"dev": true,
			"requires": {
				"ajv": "^7.0.2",
				"lodash": "^4.17.20",
				"slice-ansi": "^4.0.0",
				"string-width": "^4.2.0"
			}
		},
		"uri-js": {
			"version": "4.4.1",
			"resolved": "https://registry.npmjs.org/uri-js/-/uri-js-4.4.1.tgz",
			"integrity": "sha512-7rKUyy33Q1yc98pQ1DAmLtwX109F7TIfWlW1Ydo8Wl1ii1SeHieeh0HHfPeL2fMXK6z0s8ecKs9frCuLJvndBg==",
			"dev": true,
			"requires": {
				"punycode": "^2.1.0"
			}
		},
		"url": {
			"version": "0.10.3",
			"resolved": "https://registry.npmjs.org/url/-/url-0.10.3.tgz",
			"integrity": "sha1-Ah5NnHcF8hu/N9A861h2dAJ3TGQ=",
			"dev": true,
			"requires": {
				"punycode": "1.3.2",
				"querystring": "0.2.0"
			},
			"dependencies": {
				"punycode": {
					"version": "1.3.2",
					"resolved": "https://registry.npmjs.org/punycode/-/punycode-1.3.2.tgz",
					"integrity": "sha1-llOgNvt8HuQjQvIyXM7v6jkmxI0=",
					"dev": true
				}
			}
		},
		"uuid": {
			"version": "3.3.2",
			"resolved": "https://registry.npmjs.org/uuid/-/uuid-3.3.2.tgz",
			"integrity": "sha512-yXJmeNaw3DnnKAOKJE51sL/ZaYfWJRl1pK9dr19YFCu0ObS231AB1/LbqTKRAQ5kw8A90rA6fr4riOUpTZvQZA==",
			"dev": true
		},
		"xml2js": {
			"version": "0.4.19",
			"resolved": "https://registry.npmjs.org/xml2js/-/xml2js-0.4.19.tgz",
			"integrity": "sha512-esZnJZJOiJR9wWKMyuvSE1y6Dq5LCuJanqhxslH2bxM6duahNZ+HMpCLhBQGZkbX6xRf8x1Y2eJlgt2q3qo49Q==",
			"dev": true,
			"requires": {
				"sax": ">=0.6.0",
				"xmlbuilder": "~9.0.1"
			}
		},
		"xmlbuilder": {
			"version": "9.0.7",
			"resolved": "https://registry.npmjs.org/xmlbuilder/-/xmlbuilder-9.0.7.tgz",
			"integrity": "sha1-Ey7mPS7FVlxVfiD0wi35rKaGsQ0=",
			"dev": true
		}
	}
}
